{
  "name": "debugging-tools-livecoding",
  "version": "1.0.0",
  "lockfileVersion": 1,
  "requires": true,
  "dependencies": {
    "blocked-at": {
      "version": "1.2.0",
      "resolved": "https://registry.npmjs.org/blocked-at/-/blocked-at-1.2.0.tgz",
      "integrity": "sha512-Ba9yhK4KcFrgqEPgsU0qVGiMimf+VrD9QJo9pgwjg4yl0GXwgOJS8IRx2rPepQjalrmUdGTqX47bSuJLUMLX7w==",
      "dev": true
    },
    "cluster-key-slot": {
      "version": "1.1.0",
      "resolved": "https://registry.npmjs.org/cluster-key-slot/-/cluster-key-slot-1.1.0.tgz",
      "integrity": "sha512-2Nii8p3RwAPiFwsnZvukotvow2rIHM+yQ6ZcBXGHdniadkYGZYiGmkHJIbZPIV9nfv7m/U1IPMVVcAhoWFeklw=="
    },
    "debug": {
      "version": "4.2.0",
      "resolved": "https://registry.npmjs.org/debug/-/debug-4.2.0.tgz",
      "integrity": "sha512-IX2ncY78vDTjZMFUdmsvIRFY2Cf4FnD0wRs+nQwJU8Lu99/tPFdb0VybiiMTPe3I6rQmwsqQqRBvxU+bZ/I8sg==",
      "requires": {
        "ms": "2.1.2"
      }
    },
    "debugging-aid": {
      "version": "0.5.4-1",
      "resolved": "https://registry.npmjs.org/debugging-aid/-/debugging-aid-0.5.4-1.tgz",
      "integrity": "sha512-/GfX+7rqL1PuuXQcRIulo5wTShYyh3Q1r/WMxBwNUmO6ZKMBfTV9/TKD5prPdN67/2yEj4tNYRp+AmFQAuOWyw==",
      "dev": true,
      "requires": {
        "blocked-at": "^1.2.0",
        "mitm": "^1.7.1",
        "request-to-curl": "^0.1.6"
      }
    },
    "denque": {
      "version": "1.4.1",
      "resolved": "https://registry.npmjs.org/denque/-/denque-1.4.1.tgz",
      "integrity": "sha512-OfzPuSZKGcgr96rf1oODnfjqBFmr1DVoc/TrItj3Ohe0Ah1C5WX5Baquw/9U9KovnQ88EqmJbD66rKYUQYN1tQ=="
    },
    "html-entities": {
      "version": "1.3.1",
      "resolved": "https://registry.npmjs.org/html-entities/-/html-entities-1.3.1.tgz",
      "integrity": "sha512-rhE/4Z3hIhzHAUKbW8jVcCyuT5oJCXXqhN/6mXXVCpzTmvJnoH2HL/bt3EZ6p55jbFJBeAe1ZNpL5BugLujxNA=="
    },
    "http-parser-js": {
      "version": "0.5.2",
      "resolved": "https://registry.npmjs.org/http-parser-js/-/http-parser-js-0.5.2.tgz",
      "integrity": "sha512-opCO9ASqg5Wy2FNo7A0sxy71yGbbkJJXLdgMK04Tcypw9jr2MgWbyubb0+WdmDmGnFflO7fRbqbaihh/ENDlRQ==",
      "dev": true
    },
    "ioredis": {
      "version": "4.17.3",
      "resolved": "https://registry.npmjs.org/ioredis/-/ioredis-4.17.3.tgz",
      "integrity": "sha512-iRvq4BOYzNFkDnSyhx7cmJNOi1x/HWYe+A4VXHBu4qpwJaGT1Mp+D2bVGJntH9K/Z/GeOM/Nprb8gB3bmitz1Q==",
      "requires": {
        "cluster-key-slot": "^1.1.0",
        "debug": "^4.1.1",
        "denque": "^1.1.0",
        "lodash.defaults": "^4.2.0",
        "lodash.flatten": "^4.4.0",
        "redis-commands": "1.5.0",
        "redis-errors": "^1.2.0",
        "redis-parser": "^3.0.0",
        "standard-as-callback": "^2.0.1"
      }
    },
    "lodash.defaults": {
      "version": "4.2.0",
      "resolved": "https://registry.npmjs.org/lodash.defaults/-/lodash.defaults-4.2.0.tgz",
      "integrity": "sha1-0JF4cW/+pN3p5ft7N/bwgCJ0WAw="
    },
    "lodash.flatten": {
      "version": "4.4.0",
      "resolved": "https://registry.npmjs.org/lodash.flatten/-/lodash.flatten-4.4.0.tgz",
      "integrity": "sha1-8xwiIlqWMtK7+OSt2+8kCqdlph8="
    },
    "m3u8stream": {
      "version": "0.7.1",
      "resolved": "https://registry.npmjs.org/m3u8stream/-/m3u8stream-0.7.1.tgz",
      "integrity": "sha512-z6ldnAdhbuWOL6LmMkwptSZGzj+qbRytMKLTbNicwF/bJMjf9U9lqD57RNQUFecvWadEkzy6PDjcNJFFgi19uQ==",
      "requires": {
        "miniget": "^1.6.1",
        "sax": "^1.2.4"
      },
      "dependencies": {
        "miniget": {
          "version": "1.7.2",
          "resolved": "https://registry.npmjs.org/miniget/-/miniget-1.7.2.tgz",
          "integrity": "sha512-USPNNK2bnHLOplX8BZVMehUkyQizS/DFpBdoH0TS+fM+hQoLNg9tWg4MeY9wE8gfY0pbzmx5UBEODujt3Lz8AA=="
        }
      }
    },
    "miniget": {
      "version": "2.0.1",
      "resolved": "https://registry.npmjs.org/miniget/-/miniget-2.0.1.tgz",
      "integrity": "sha512-MX+QfVIPAutz6c+T7WKuFKtjcw0nOyRRh1ubhTDD+z/e/pKcSAsfAV63aQKUgb1MFRT1GyfJeW53N5fHkX0wIA=="
    },
    "mitm": {
      "version": "1.7.1",
      "resolved": "https://registry.npmjs.org/mitm/-/mitm-1.7.1.tgz",
      "integrity": "sha512-SX2qv5zz+MxjcgLxbByE+iZachquhDg9xlIuNd22L3h7auFEKS9DaBUTiKv+REx+ZOK//Fmk0S8MaPlXAEYfOg==",
      "dev": true,
      "requires": {
        "semver": ">= 5 < 6",
        "underscore": ">= 1.1.6 < 1.6"
      }
    },
    "ms": {
      "version": "2.1.2",
      "resolved": "https://registry.npmjs.org/ms/-/ms-2.1.2.tgz",
      "integrity": "sha512-sGkPx+VjMtmA6MX27oA4FBFELFCZZ4S4XqeGOXCv68tT+jb3vk/RyaKWP0PTKyWtmLSM0b+adUTEvbs1PEaH2w=="
    },
    "redis-commands": {
      "version": "1.5.0",
      "resolved": "https://registry.npmjs.org/redis-commands/-/redis-commands-1.5.0.tgz",
      "integrity": "sha512-6KxamqpZ468MeQC3bkWmCB1fp56XL64D4Kf0zJSwDZbVLLm7KFkoIcHrgRvQ+sk8dnhySs7+yBg94yIkAK7aJg=="
    },
    "redis-errors": {
      "version": "1.2.0",
      "resolved": "https://registry.npmjs.org/redis-errors/-/redis-errors-1.2.0.tgz",
      "integrity": "sha1-62LSrbFeTq9GEMBK/hUpOEJQq60="
    },
    "redis-parser": {
      "version": "3.0.0",
      "resolved": "https://registry.npmjs.org/redis-parser/-/redis-parser-3.0.0.tgz",
      "integrity": "sha1-tm2CjNyv5rS4pCin3vTGvKwxyLQ=",
      "requires": {
        "redis-errors": "^1.0.0"
      }
    },
    "request-to-curl": {
      "version": "0.1.6",
      "resolved": "https://registry.npmjs.org/request-to-curl/-/request-to-curl-0.1.6.tgz",
      "integrity": "sha512-bdFayFhQqLb+Z1YIOxQ4pOXLsSRJ0HUxolkjSZKKaGcajlxuf8ac2dRGaczz+eoCPbQ55B6xoJTSvPbyG85elQ==",
      "dev": true,
      "requires": {
        "http-parser-js": "^0.5.1"
      }
    },
    "sax": {
      "version": "1.2.4",
      "resolved": "https://registry.npmjs.org/sax/-/sax-1.2.4.tgz",
      "integrity": "sha512-NqVDv9TpANUjFm0N8uM5GxL36UgKi9/atZw+x7YFnQ8ckwFGKrl4xX4yWtrey3UJm5nP1kUbnYgLopqWNSRhWw=="
    },
    "semver": {
      "version": "5.7.1",
      "resolved": "https://registry.npmjs.org/semver/-/semver-5.7.1.tgz",
      "integrity": "sha512-sauaDf/PZdVgrLTNYHRtpXa1iRiKcaebiKQ1BJdpQlWH2lCvexQdX55snPFyK7QzpudqbCI0qXFfOasHdyNDGQ==",
      "dev": true
    },
    "standard-as-callback": {
      "version": "2.0.1",
      "resolved": "https://registry.npmjs.org/standard-as-callback/-/standard-as-callback-2.0.1.tgz",
      "integrity": "sha512-NQOxSeB8gOI5WjSaxjBgog2QFw55FV8TkS6Y07BiB3VJ8xNTvUYm0wl0s8ObgQ5NhdpnNfigMIKjgPESzgr4tg=="
    },
    "underscore": {
      "version": "1.5.2",
      "resolved": "https://registry.npmjs.org/underscore/-/underscore-1.5.2.tgz",
      "integrity": "sha1-EzXF5PXm0zu7SwBrqMhqAPVW3gg=",
      "dev": true
    },
    "ytdl-core": {
      "version": "3.3.0",
      "resolved": "https://registry.npmjs.org/ytdl-core/-/ytdl-core-3.3.0.tgz",
      "integrity": "sha512-jesZn1BCKanWEtVymezoJTMUF0B0Z6OQuf8M61zy0QUoNQprR2SYwzwI6dTOZHURz7wk1ffPgbYLu6BZq0vUsQ==",
      "requires": {
        "html-entities": "^1.3.1",
        "m3u8stream": "^0.7.1",
        "miniget": "^2.0.1",
        "sax": "^1.1.3"
      }
    },
    "ytsr": {
      "version": "1.0.4",
      "resolved": "https://registry.npmjs.org/ytsr/-/ytsr-1.0.4.tgz",
      "integrity": "sha512-wI58LREviYnlsCgB0R+NC3kqsbQpH/C42shbAaq1tlAZN2zBqr2JONE+eGimygpU/fdiJSB9XLFaXe6AgCG5Uw==",
      "requires": {
        "html-entities": "^1.3.1",
        "miniget": "^2.0.1"
      }
    }
  }
}
